
Microsoft Visual Studio Solution File, Format Version 12.00
# Visual Studio Version 16
VisualStudioVersion = 16.0.31515.178
MinimumVisualStudioVersion = 10.0.40219.1
Project("{FAE04EC0-301F-11D3-BF4B-00C04F79EFBC}") = "WebApplication14.Server", "WebApplication14\Server\WebApplication14.Server.csproj", "{F7DCDF22-E8C2-486B-A130-44C57D3B652A}"
EndProject
Project("{FAE04EC0-301F-11D3-BF4B-00C04F79EFBC}") = "WebApplication14.Client", "WebApplication14\Client\WebApplication14.Client.csproj", "{335BDE4D-FFEA-4987-AC35-FF3575457AE3}"
EndProject
Project("{FAE04EC0-301F-11D3-BF4B-00C04F79EFBC}") = "WebApplication14.Shared", "WebApplication14\Shared\WebApplication14.Shared.csproj", "{0C32BF41-CE41-4385-991A-4377CD14D0E1}"
EndProject
Global
	GlobalSection(SolutionConfigurationPlatforms) = preSolution
		Debug|Any CPU = Debug|Any CPU
		Release|Any CPU = Release|Any CPU
	EndGlobalSection
	GlobalSection(ProjectConfigurationPlatforms) = postSolution
		{F7DCDF22-E8C2-486B-A130-44C57D3B652A}.Debug|Any CPU.ActiveCfg = Debug|Any CPU
		{F7DCDF22-E8C2-486B-A130-44C57D3B652A}.Debug|Any CPU.Build.0 = Debug|Any CPU
		{F7DCDF22-E8C2-486B-A130-44C57D3B652A}.Release|Any CPU.ActiveCfg = Release|Any CPU
		{F7DCDF22-E8C2-486B-A130-44C57D3B652A}.Release|Any CPU.Build.0 = Release|Any CPU
		{335BDE4D-FFEA-4987-AC35-FF3575457AE3}.Debug|Any CPU.ActiveCfg = Debug|Any CPU
		{335BDE4D-FFEA-4987-AC35-FF3575457AE3}.Debug|Any CPU.Build.0 = Debug|Any CPU
		{335BDE4D-FFEA-4987-AC35-FF3575457AE3}.Release|Any CPU.ActiveCfg = Release|Any CPU
		{335BDE4D-FFEA-4987-AC35-FF3575457AE3}.Release|Any CPU.Build.0 = Release|Any CPU
		{0C32BF41-CE41-4385-991A-4377CD14D0E1}.Debug|Any CPU.ActiveCfg = Debug|Any CPU
		{0C32BF41-CE41-4385-991A-4377CD14D0E1}.Debug|Any CPU.Build.0 = Debug|Any CPU
		{0C32BF41-CE41-4385-991A-4377CD14D0E1}.Release|Any CPU.ActiveCfg = Release|Any CPU
		{0C32BF41-CE41-4385-991A-4377CD14D0E1}.Release|Any CPU.Build.0 = Release|Any CPU
	EndGlobalSection
	GlobalSection(SolutionProperties) = preSolution
		HideSolutionNode = FALSE
	EndGlobalSection
	GlobalSection(ExtensibilityGlobals) = postSolution
		SolutionGuid = {5F7530C5-A1BE-4112-BA87-46B3EA92965F}
	EndGlobalSection
EndGlobal
